
Microsoft Visual Studio Solution File, Format Version 12.00
# Visual Studio Version 16
VisualStudioVersion = 16.0.30105.148
MinimumVisualStudioVersion = 15.0.26124.0
Project("{2150E333-8FDC-42A3-9474-1A3956D46DE8}") = "Solution Items", "Solution Items", "{77823970-9E01-4184-A3DB-B5D4203E2B8F}"
	ProjectSection(SolutionItems) = preProject
		.editorconfig = .editorconfig
		.gitattributes = .gitattributes
		.gitignore = .gitignore
		.gitmodules = .gitmodules
		AllRules.ruleset = AllRules.ruleset
		Directory.Build.props = Directory.Build.props
		Directory.Meta.props = Directory.Meta.props
		Directory.Version.props = Directory.Version.props
		LICENSE = LICENSE
	EndProjectSection
EndProject
Project("{2150E333-8FDC-42A3-9474-1A3956D46DE8}") = "src", "src", "{F39B8A61-7B8B-4019-B2BC-C680BFB95E00}"
EndProject
Project("{9A19103F-16F7-4668-BE54-9A1E7A4F7556}") = "FredrikHr.MyBuild.ApiModel", "src\FredrikHr.MyBuild.ApiModel\FredrikHr.MyBuild.ApiModel.csproj", "{77DC9E31-4578-490B-ABAF-F0529DDDD360}"
EndProject
Project("{2150E333-8FDC-42A3-9474-1A3956D46DE8}") = "dotnet-common", "dotnet-common", "{299F0974-B188-48BE-A771-05D22F90F3AE}"
EndProject
Project("{2150E333-8FDC-42A3-9474-1A3956D46DE8}") = "src", "src", "{6B392AD4-EA44-4A46-B986-C7FF1D5D5430}"
EndProject
Project("{9A19103F-16F7-4668-BE54-9A1E7A4F7556}") = "THNETII.Common", "dotnet-common\src\THNETII.Common\THNETII.Common.csproj", "{263226E5-CDEC-41FD-ADDA-1A467B86F5D4}"
EndProject
Project("{9A19103F-16F7-4668-BE54-9A1E7A4F7556}") = "FredrikHr.MyBuild.AuthenticationConsole", "src\FredrikHr.MyBuild.AuthenticationConsole\FredrikHr.MyBuild.AuthenticationConsole.csproj", "{219B0F95-A69A-48A8-94E5-CB8EA862889A}"
EndProject
Project("{9A19103F-16F7-4668-BE54-9A1E7A4F7556}") = "THNETII.CommandLine.Hosting", "dotnet-common\src\THNETII.CommandLine.Hosting\THNETII.CommandLine.Hosting.csproj", "{D4755677-141E-4C04-89E0-13A9D7211B81}"
EndProject
Project("{2150E333-8FDC-42A3-9474-1A3956D46DE8}") = "eto.forms", "eto.forms", "{5DB5A4D6-B5DA-45A0-B830-D305CB6712C2}"
EndProject
Project("{2150E333-8FDC-42A3-9474-1A3956D46DE8}") = "src", "src", "{45F8223D-777D-4997-B0B4-E00C5FEE737F}"
EndProject
Project("{9A19103F-16F7-4668-BE54-9A1E7A4F7556}") = "THNETII.EtoForms.Hosting", "eto.forms\src\THNETII.EtoForms.Hosting\THNETII.EtoForms.Hosting.csproj", "{90FF177C-17B0-481C-A7D6-EF3154109D70}"
EndProject
Project("{9A19103F-16F7-4668-BE54-9A1E7A4F7556}") = "FredrikHr.MyBuild.AuthenticationConsole.WinForms", "src\FredrikHr.MyBuild.AuthenticationConsole.WinForms\FredrikHr.MyBuild.AuthenticationConsole.WinForms.csproj", "{560136AD-AC91-4E49-9A56-0891C0D229E2}"
EndProject
Project("{FAE04EC0-301F-11D3-BF4B-00C04F79EFBC}") = "FredrikHr.MyBuild.WebApplication", "src\FredrikHr.MyBuild.WebApplication\FredrikHr.MyBuild.WebApplication.csproj", "{83551668-B72B-4713-9326-3C158BCEFF7B}"
EndProject
Global
	GlobalSection(SolutionConfigurationPlatforms) = preSolution
		Debug|Any CPU = Debug|Any CPU
		Debug|x64 = Debug|x64
		Debug|x86 = Debug|x86
		Release|Any CPU = Release|Any CPU
		Release|x64 = Release|x64
		Release|x86 = Release|x86
	EndGlobalSection
	GlobalSection(ProjectConfigurationPlatforms) = postSolution
		{77DC9E31-4578-490B-ABAF-F0529DDDD360}.Debug|Any CPU.ActiveCfg = Debug|Any CPU
		{77DC9E31-4578-490B-ABAF-F0529DDDD360}.Debug|Any CPU.Build.0 = Debug|Any CPU
		{77DC9E31-4578-490B-ABAF-F0529DDDD360}.Debug|x64.ActiveCfg = Debug|Any CPU
		{77DC9E31-4578-490B-ABAF-F0529DDDD360}.Debug|x64.Build.0 = Debug|Any CPU
		{77DC9E31-4578-490B-ABAF-F0529DDDD360}.Debug|x86.ActiveCfg = Debug|Any CPU
		{77DC9E31-4578-490B-ABAF-F0529DDDD360}.Debug|x86.Build.0 = Debug|Any CPU
		{77DC9E31-4578-490B-ABAF-F0529DDDD360}.Release|Any CPU.ActiveCfg = Release|Any CPU
		{77DC9E31-4578-490B-ABAF-F0529DDDD360}.Release|Any CPU.Build.0 = Release|Any CPU
		{77DC9E31-4578-490B-ABAF-F0529DDDD360}.Release|x64.ActiveCfg = Release|Any CPU
		{77DC9E31-4578-490B-ABAF-F0529DDDD360}.Release|x64.Build.0 = Release|Any CPU
		{77DC9E31-4578-490B-ABAF-F0529DDDD360}.Release|x86.ActiveCfg = Release|Any CPU
		{77DC9E31-4578-490B-ABAF-F0529DDDD360}.Release|x86.Build.0 = Release|Any CPU
		{263226E5-CDEC-41FD-ADDA-1A467B86F5D4}.Debug|Any CPU.ActiveCfg = Debug|Any CPU
		{263226E5-CDEC-41FD-ADDA-1A467B86F5D4}.Debug|Any CPU.Build.0 = Debug|Any CPU
		{263226E5-CDEC-41FD-ADDA-1A467B86F5D4}.Debug|x64.ActiveCfg = Debug|Any CPU
		{263226E5-CDEC-41FD-ADDA-1A467B86F5D4}.Debug|x64.Build.0 = Debug|Any CPU
		{263226E5-CDEC-41FD-ADDA-1A467B86F5D4}.Debug|x86.ActiveCfg = Debug|Any CPU
		{263226E5-CDEC-41FD-ADDA-1A467B86F5D4}.Debug|x86.Build.0 = Debug|Any CPU
		{263226E5-CDEC-41FD-ADDA-1A467B86F5D4}.Release|Any CPU.ActiveCfg = Release|Any CPU
		{263226E5-CDEC-41FD-ADDA-1A467B86F5D4}.Release|Any CPU.Build.0 = Release|Any CPU
		{263226E5-CDEC-41FD-ADDA-1A467B86F5D4}.Release|x64.ActiveCfg = Release|Any CPU
		{263226E5-CDEC-41FD-ADDA-1A467B86F5D4}.Release|x64.Build.0 = Release|Any CPU
		{263226E5-CDEC-41FD-ADDA-1A467B86F5D4}.Release|x86.ActiveCfg = Release|Any CPU
		{263226E5-CDEC-41FD-ADDA-1A467B86F5D4}.Release|x86.Build.0 = Release|Any CPU
		{219B0F95-A69A-48A8-94E5-CB8EA862889A}.Debug|Any CPU.ActiveCfg = Debug|Any CPU
		{219B0F95-A69A-48A8-94E5-CB8EA862889A}.Debug|Any CPU.Build.0 = Debug|Any CPU
		{219B0F95-A69A-48A8-94E5-CB8EA862889A}.Debug|x64.ActiveCfg = Debug|Any CPU
		{219B0F95-A69A-48A8-94E5-CB8EA862889A}.Debug|x64.Build.0 = Debug|Any CPU
		{219B0F95-A69A-48A8-94E5-CB8EA862889A}.Debug|x86.ActiveCfg = Debug|Any CPU
		{219B0F95-A69A-48A8-94E5-CB8EA862889A}.Debug|x86.Build.0 = Debug|Any CPU
		{219B0F95-A69A-48A8-94E5-CB8EA862889A}.Release|Any CPU.ActiveCfg = Release|Any CPU
		{219B0F95-A69A-48A8-94E5-CB8EA862889A}.Release|Any CPU.Build.0 = Release|Any CPU
		{219B0F95-A69A-48A8-94E5-CB8EA862889A}.Release|x64.ActiveCfg = Release|Any CPU
		{219B0F95-A69A-48A8-94E5-CB8EA862889A}.Release|x64.Build.0 = Release|Any CPU
		{219B0F95-A69A-48A8-94E5-CB8EA862889A}.Release|x86.ActiveCfg = Release|Any CPU
		{219B0F95-A69A-48A8-94E5-CB8EA862889A}.Release|x86.Build.0 = Release|Any CPU
		{D4755677-141E-4C04-89E0-13A9D7211B81}.Debug|Any CPU.ActiveCfg = Debug|Any CPU
		{D4755677-141E-4C04-89E0-13A9D7211B81}.Debug|Any CPU.Build.0 = Debug|Any CPU
		{D4755677-141E-4C04-89E0-13A9D7211B81}.Debug|x64.ActiveCfg = Debug|Any CPU
		{D4755677-141E-4C04-89E0-13A9D7211B81}.Debug|x64.Build.0 = Debug|Any CPU
		{D4755677-141E-4C04-89E0-13A9D7211B81}.Debug|x86.ActiveCfg = Debug|Any CPU
		{D4755677-141E-4C04-89E0-13A9D7211B81}.Debug|x86.Build.0 = Debug|Any CPU
		{D4755677-141E-4C04-89E0-13A9D7211B81}.Release|Any CPU.ActiveCfg = Release|Any CPU
		{D4755677-141E-4C04-89E0-13A9D7211B81}.Release|Any CPU.Build.0 = Release|Any CPU
		{D4755677-141E-4C04-89E0-13A9D7211B81}.Release|x64.ActiveCfg = Release|Any CPU
		{D4755677-141E-4C04-89E0-13A9D7211B81}.Release|x64.Build.0 = Release|Any CPU
		{D4755677-141E-4C04-89E0-13A9D7211B81}.Release|x86.ActiveCfg = Release|Any CPU
		{D4755677-141E-4C04-89E0-13A9D7211B81}.Release|x86.Build.0 = Release|Any CPU
		{90FF177C-17B0-481C-A7D6-EF3154109D70}.Debug|Any CPU.ActiveCfg = Debug|Any CPU
		{90FF177C-17B0-481C-A7D6-EF3154109D70}.Debug|Any CPU.Build.0 = Debug|Any CPU
		{90FF177C-17B0-481C-A7D6-EF3154109D70}.Debug|x64.ActiveCfg = Debug|Any CPU
		{90FF177C-17B0-481C-A7D6-EF3154109D70}.Debug|x64.Build.0 = Debug|Any CPU
		{90FF177C-17B0-481C-A7D6-EF3154109D70}.Debug|x86.ActiveCfg = Debug|Any CPU
		{90FF177C-17B0-481C-A7D6-EF3154109D70}.Debug|x86.Build.0 = Debug|Any CPU
		{90FF177C-17B0-481C-A7D6-EF3154109D70}.Release|Any CPU.ActiveCfg = Release|Any CPU
		{90FF177C-17B0-481C-A7D6-EF3154109D70}.Release|Any CPU.Build.0 = Release|Any CPU
		{90FF177C-17B0-481C-A7D6-EF3154109D70}.Release|x64.ActiveCfg = Release|Any CPU
		{90FF177C-17B0-481C-A7D6-EF3154109D70}.Release|x64.Build.0 = Release|Any CPU
		{90FF177C-17B0-481C-A7D6-EF3154109D70}.Release|x86.ActiveCfg = Release|Any CPU
		{90FF177C-17B0-481C-A7D6-EF3154109D70}.Release|x86.Build.0 = Release|Any CPU
		{560136AD-AC91-4E49-9A56-0891C0D229E2}.Debug|Any CPU.ActiveCfg = Debug|Any CPU
		{560136AD-AC91-4E49-9A56-0891C0D229E2}.Debug|Any CPU.Build.0 = Debug|Any CPU
		{560136AD-AC91-4E49-9A56-0891C0D229E2}.Debug|x64.ActiveCfg = Debug|Any CPU
		{560136AD-AC91-4E49-9A56-0891C0D229E2}.Debug|x64.Build.0 = Debug|Any CPU
		{560136AD-AC91-4E49-9A56-0891C0D229E2}.Debug|x86.ActiveCfg = Debug|Any CPU
		{560136AD-AC91-4E49-9A56-0891C0D229E2}.Debug|x86.Build.0 = Debug|Any CPU
		{560136AD-AC91-4E49-9A56-0891C0D229E2}.Release|Any CPU.ActiveCfg = Release|Any CPU
		{560136AD-AC91-4E49-9A56-0891C0D229E2}.Release|Any CPU.Build.0 = Release|Any CPU
		{560136AD-AC91-4E49-9A56-0891C0D229E2}.Release|x64.ActiveCfg = Release|Any CPU
		{560136AD-AC91-4E49-9A56-0891C0D229E2}.Release|x64.Build.0 = Release|Any CPU
		{560136AD-AC91-4E49-9A56-0891C0D229E2}.Release|x86.ActiveCfg = Release|Any CPU
		{560136AD-AC91-4E49-9A56-0891C0D229E2}.Release|x86.Build.0 = Release|Any CPU
		{83551668-B72B-4713-9326-3C158BCEFF7B}.Debug|Any CPU.ActiveCfg = Debug|Any CPU
		{83551668-B72B-4713-9326-3C158BCEFF7B}.Debug|Any CPU.Build.0 = Debug|Any CPU
		{83551668-B72B-4713-9326-3C158BCEFF7B}.Debug|x64.ActiveCfg = Debug|Any CPU
		{83551668-B72B-4713-9326-3C158BCEFF7B}.Debug|x64.Build.0 = Debug|Any CPU
		{83551668-B72B-4713-9326-3C158BCEFF7B}.Debug|x86.ActiveCfg = Debug|Any CPU
		{83551668-B72B-4713-9326-3C158BCEFF7B}.Debug|x86.Build.0 = Debug|Any CPU
		{83551668-B72B-4713-9326-3C158BCEFF7B}.Release|Any CPU.ActiveCfg = Release|Any CPU
		{83551668-B72B-4713-9326-3C158BCEFF7B}.Release|Any CPU.Build.0 = Release|Any CPU
		{83551668-B72B-4713-9326-3C158BCEFF7B}.Release|x64.ActiveCfg = Release|Any CPU
		{83551668-B72B-4713-9326-3C158BCEFF7B}.Release|x64.Build.0 = Release|Any CPU
		{83551668-B72B-4713-9326-3C158BCEFF7B}.Release|x86.ActiveCfg = Release|Any CPU
		{83551668-B72B-4713-9326-3C158BCEFF7B}.Release|x86.Build.0 = Release|Any CPU
	EndGlobalSection
	GlobalSection(SolutionProperties) = preSolution
		HideSolutionNode = FALSE
	EndGlobalSection
	GlobalSection(NestedProjects) = preSolution
		{77DC9E31-4578-490B-ABAF-F0529DDDD360} = {F39B8A61-7B8B-4019-B2BC-C680BFB95E00}
		{6B392AD4-EA44-4A46-B986-C7FF1D5D5430} = {299F0974-B188-48BE-A771-05D22F90F3AE}
		{263226E5-CDEC-41FD-ADDA-1A467B86F5D4} = {6B392AD4-EA44-4A46-B986-C7FF1D5D5430}
		{219B0F95-A69A-48A8-94E5-CB8EA862889A} = {F39B8A61-7B8B-4019-B2BC-C680BFB95E00}
		{D4755677-141E-4C04-89E0-13A9D7211B81} = {6B392AD4-EA44-4A46-B986-C7FF1D5D5430}
		{45F8223D-777D-4997-B0B4-E00C5FEE737F} = {5DB5A4D6-B5DA-45A0-B830-D305CB6712C2}
		{90FF177C-17B0-481C-A7D6-EF3154109D70} = {45F8223D-777D-4997-B0B4-E00C5FEE737F}
		{560136AD-AC91-4E49-9A56-0891C0D229E2} = {F39B8A61-7B8B-4019-B2BC-C680BFB95E00}
		{83551668-B72B-4713-9326-3C158BCEFF7B} = {F39B8A61-7B8B-4019-B2BC-C680BFB95E00}
	EndGlobalSection
	GlobalSection(ExtensibilityGlobals) = postSolution
		SolutionGuid = {D97E9AA6-2640-4880-AC35-F4E0A3CB7AD6}
	EndGlobalSection
EndGlobal
